// !$*UTF8*$!
{
	archiveVersion = 1;
	classes = {
	};
	objectVersion = 55;
	objects = {

/* Begin PBXBuildFile section */
		1485E9574F4EB7B03A3B7DE4 /* Pods_myInsta.framework in Frameworks */ = {isa = PBXBuildFile; fileRef = 3537064E2C0CB94751C111A1 /* Pods_myInsta.framework */; };
		3905539A27F7EC6000217916 /* CameraViewController.swift in Sources */ = {isa = PBXBuildFile; fileRef = 3905539927F7EC5F00217916 /* CameraViewController.swift */; };
		39310A3E27F6A1F2006491B2 /* LoginViewController.swift in Sources */ = {isa = PBXBuildFile; fileRef = 39310A3D27F6A1F2006491B2 /* LoginViewController.swift */; };
		39310A4027F6A212006491B2 /* FeedViewController.swift in Sources */ = {isa = PBXBuildFile; fileRef = 39310A3F27F6A212006491B2 /* FeedViewController.swift */; };
		39764DC027EF905A00320B82 /* AppDelegate.swift in Sources */ = {isa = PBXBuildFile; fileRef = 39764DBF27EF905A00320B82 /* AppDelegate.swift */; };
		39764DC227EF905A00320B82 /* SceneDelegate.swift in Sources */ = {isa = PBXBuildFile; fileRef = 39764DC127EF905A00320B82 /* SceneDelegate.swift */; };
		39764DC727EF905A00320B82 /* Main.storyboard in Resources */ = {isa = PBXBuildFile; fileRef = 39764DC527EF905A00320B82 /* Main.storyboard */; };
		39764DC927EF905C00320B82 /* Assets.xcassets in Resources */ = {isa = PBXBuildFile; fileRef = 39764DC827EF905C00320B82 /* Assets.xcassets */; };
		39764DCC27EF905C00320B82 /* LaunchScreen.storyboard in Resources */ = {isa = PBXBuildFile; fileRef = 39764DCA27EF905C00320B82 /* LaunchScreen.storyboard */; };
		39764DD727EF905C00320B82 /* myInstaTests.swift in Sources */ = {isa = PBXBuildFile; fileRef = 39764DD627EF905C00320B82 /* myInstaTests.swift */; };
		39764DE127EF905C00320B82 /* myInstaUITests.swift in Sources */ = {isa = PBXBuildFile; fileRef = 39764DE027EF905C00320B82 /* myInstaUITests.swift */; };
		39764DE327EF905C00320B82 /* myInstaUITestsLaunchTests.swift in Sources */ = {isa = PBXBuildFile; fileRef = 39764DE227EF905C00320B82 /* myInstaUITestsLaunchTests.swift */; };
		3983031B27F7FF9900E09068 /* PostCell.swift in Sources */ = {isa = PBXBuildFile; fileRef = 3983031A27F7FF9900E09068 /* PostCell.swift */; };
		4B3829F9EF85ACAC8C551485 /* Pods_myInstaTests.framework in Frameworks */ = {isa = PBXBuildFile; fileRef = D2C9D94AD958111634FD4595 /* Pods_myInstaTests.framework */; };
		D440D04021DDFEF5A2B765B8 /* Pods_myInsta_myInstaUITests.framework in Frameworks */ = {isa = PBXBuildFile; fileRef = 082E2C4D772228B9730C8400 /* Pods_myInsta_myInstaUITests.framework */; };
/* End PBXBuildFile section */

/* Begin PBXContainerItemProxy section */
		39764DD327EF905C00320B82 /* PBXContainerItemProxy */ = {
			isa = PBXContainerItemProxy;
			containerPortal = 39764DB427EF905A00320B82 /* Project object */;
			proxyType = 1;
			remoteGlobalIDString = 39764DBB27EF905A00320B82;
			remoteInfo = myInsta;
		};
		39764DDD27EF905C00320B82 /* PBXContainerItemProxy */ = {
			isa = PBXContainerItemProxy;
			containerPortal = 39764DB427EF905A00320B82 /* Project object */;
			proxyType = 1;
			remoteGlobalIDString = 39764DBB27EF905A00320B82;
			remoteInfo = myInsta;
		};
/* End PBXContainerItemProxy section */

/* Begin PBXFileReference section */
		082E2C4D772228B9730C8400 /* Pods_myInsta_myInstaUITests.framework */ = {isa = PBXFileReference; explicitFileType = wrapper.framework; includeInIndex = 0; path = Pods_myInsta_myInstaUITests.framework; sourceTree = BUILT_PRODUCTS_DIR; };
		0B8B351BD7AECC41F5F8DFA8 /* Pods-myInsta-myInstaUITests.release.xcconfig */ = {isa = PBXFileReference; includeInIndex = 1; lastKnownFileType = text.xcconfig; name = "Pods-myInsta-myInstaUITests.release.xcconfig"; path = "Target Support Files/Pods-myInsta-myInstaUITests/Pods-myInsta-myInstaUITests.release.xcconfig"; sourceTree = "<group>"; };
		3537064E2C0CB94751C111A1 /* Pods_myInsta.framework */ = {isa = PBXFileReference; explicitFileType = wrapper.framework; includeInIndex = 0; path = Pods_myInsta.framework; sourceTree = BUILT_PRODUCTS_DIR; };
		3905539927F7EC5F00217916 /* CameraViewController.swift */ = {isa = PBXFileReference; lastKnownFileType = sourcecode.swift; path = CameraViewController.swift; sourceTree = "<group>"; };
		39310A3D27F6A1F2006491B2 /* LoginViewController.swift */ = {isa = PBXFileReference; lastKnownFileType = sourcecode.swift; path = LoginViewController.swift; sourceTree = "<group>"; };
		39310A3F27F6A212006491B2 /* FeedViewController.swift */ = {isa = PBXFileReference; lastKnownFileType = sourcecode.swift; path = FeedViewController.swift; sourceTree = "<group>"; };
		39764DBC27EF905A00320B82 /* myInsta.app */ = {isa = PBXFileReference; explicitFileType = wrapper.application; includeInIndex = 0; path = myInsta.app; sourceTree = BUILT_PRODUCTS_DIR; };
		39764DBF27EF905A00320B82 /* AppDelegate.swift */ = {isa = PBXFileReference; lastKnownFileType = sourcecode.swift; path = AppDelegate.swift; sourceTree = "<group>"; };
		39764DC127EF905A00320B82 /* SceneDelegate.swift */ = {isa = PBXFileReference; lastKnownFileType = sourcecode.swift; path = SceneDelegate.swift; sourceTree = "<group>"; };
		39764DC627EF905A00320B82 /* Base */ = {isa = PBXFileReference; lastKnownFileType = file.storyboard; name = Base; path = Base.lproj/Main.storyboard; sourceTree = "<group>"; };
		39764DC827EF905C00320B82 /* Assets.xcassets */ = {isa = PBXFileReference; lastKnownFileType = folder.assetcatalog; path = Assets.xcassets; sourceTree = "<group>"; };
		39764DCB27EF905C00320B82 /* Base */ = {isa = PBXFileReference; lastKnownFileType = file.storyboard; name = Base; path = Base.lproj/LaunchScreen.storyboard; sourceTree = "<group>"; };
		39764DCD27EF905C00320B82 /* Info.plist */ = {isa = PBXFileReference; lastKnownFileType = text.plist.xml; path = Info.plist; sourceTree = "<group>"; };
		39764DD227EF905C00320B82 /* myInstaTests.xctest */ = {isa = PBXFileReference; explicitFileType = wrapper.cfbundle; includeInIndex = 0; path = myInstaTests.xctest; sourceTree = BUILT_PRODUCTS_DIR; };
		39764DD627EF905C00320B82 /* myInstaTests.swift */ = {isa = PBXFileReference; lastKnownFileType = sourcecode.swift; path = myInstaTests.swift; sourceTree = "<group>"; };
		39764DDC27EF905C00320B82 /* myInstaUITests.xctest */ = {isa = PBXFileReference; explicitFileType = wrapper.cfbundle; includeInIndex = 0; path = myInstaUITests.xctest; sourceTree = BUILT_PRODUCTS_DIR; };
		39764DE027EF905C00320B82 /* myInstaUITests.swift */ = {isa = PBXFileReference; lastKnownFileType = sourcecode.swift; path = myInstaUITests.swift; sourceTree = "<group>"; };
		39764DE227EF905C00320B82 /* myInstaUITestsLaunchTests.swift */ = {isa = PBXFileReference; lastKnownFileType = sourcecode.swift; path = myInstaUITestsLaunchTests.swift; sourceTree = "<group>"; };
		3983031A27F7FF9900E09068 /* PostCell.swift */ = {isa = PBXFileReference; lastKnownFileType = sourcecode.swift; path = PostCell.swift; sourceTree = "<group>"; };
		3F1DBAA189BE9BF99295346B /* Pods-myInstaTests.release.xcconfig */ = {isa = PBXFileReference; includeInIndex = 1; lastKnownFileType = text.xcconfig; name = "Pods-myInstaTests.release.xcconfig"; path = "Target Support Files/Pods-myInstaTests/Pods-myInstaTests.release.xcconfig"; sourceTree = "<group>"; };
		7401206656997C4B1CAD7354 /* Pods-myInsta.debug.xcconfig */ = {isa = PBXFileReference; includeInIndex = 1; lastKnownFileType = text.xcconfig; name = "Pods-myInsta.debug.xcconfig"; path = "Target Support Files/Pods-myInsta/Pods-myInsta.debug.xcconfig"; sourceTree = "<group>"; };
		936660A328A703D1726B367C /* Pods-myInsta.release.xcconfig */ = {isa = PBXFileReference; includeInIndex = 1; lastKnownFileType = text.xcconfig; name = "Pods-myInsta.release.xcconfig"; path = "Target Support Files/Pods-myInsta/Pods-myInsta.release.xcconfig"; sourceTree = "<group>"; };
		D2C9D94AD958111634FD4595 /* Pods_myInstaTests.framework */ = {isa = PBXFileReference; explicitFileType = wrapper.framework; includeInIndex = 0; path = Pods_myInstaTests.framework; sourceTree = BUILT_PRODUCTS_DIR; };
		E18FF4E8C2B0EF990929E0F8 /* Pods-myInstaTests.debug.xcconfig */ = {isa = PBXFileReference; includeInIndex = 1; lastKnownFileType = text.xcconfig; name = "Pods-myInstaTests.debug.xcconfig"; path = "Target Support Files/Pods-myInstaTests/Pods-myInstaTests.debug.xcconfig"; sourceTree = "<group>"; };
		FEC11DB86F9D530CA9FF815C /* Pods-myInsta-myInstaUITests.debug.xcconfig */ = {isa = PBXFileReference; includeInIndex = 1; lastKnownFileType = text.xcconfig; name = "Pods-myInsta-myInstaUITests.debug.xcconfig"; path = "Target Support Files/Pods-myInsta-myInstaUITests/Pods-myInsta-myInstaUITests.debug.xcconfig"; sourceTree = "<group>"; };
/* End PBXFileReference section */

/* Begin PBXFrameworksBuildPhase section */
		39764DB927EF905A00320B82 /* Frameworks */ = {
			isa = PBXFrameworksBuildPhase;
			buildActionMask = 2147483647;
			files = (
				1485E9574F4EB7B03A3B7DE4 /* Pods_myInsta.framework in Frameworks */,
			);
			runOnlyForDeploymentPostprocessing = 0;
		};
		39764DCF27EF905C00320B82 /* Frameworks */ = {
			isa = PBXFrameworksBuildPhase;
			buildActionMask = 2147483647;
			files = (
				4B3829F9EF85ACAC8C551485 /* Pods_myInstaTests.framework in Frameworks */,
			);
			runOnlyForDeploymentPostprocessing = 0;
		};
		39764DD927EF905C00320B82 /* Frameworks */ = {
			isa = PBXFrameworksBuildPhase;
			buildActionMask = 2147483647;
			files = (
				D440D04021DDFEF5A2B765B8 /* Pods_myInsta_myInstaUITests.framework in Frameworks */,
			);
			runOnlyForDeploymentPostprocessing = 0;
		};
/* End PBXFrameworksBuildPhase section */

/* Begin PBXGroup section */
		39764DB327EF905A00320B82 = {
			isa = PBXGroup;
			children = (
				39764DBE27EF905A00320B82 /* myInsta */,
				39764DD527EF905C00320B82 /* myInstaTests */,
				39764DDF27EF905C00320B82 /* myInstaUITests */,
				39764DBD27EF905A00320B82 /* Products */,
				FB3B014762979E0D600A63FC /* Pods */,
				76D855A8A65EBC2E1EB8F241 /* Frameworks */,
			);
			sourceTree = "<group>";
		};
		39764DBD27EF905A00320B82 /* Products */ = {
			isa = PBXGroup;
			children = (
				39764DBC27EF905A00320B82 /* myInsta.app */,
				39764DD227EF905C00320B82 /* myInstaTests.xctest */,
				39764DDC27EF905C00320B82 /* myInstaUITests.xctest */,
			);
			name = Products;
			sourceTree = "<group>";
		};
		39764DBE27EF905A00320B82 /* myInsta */ = {
			isa = PBXGroup;
			children = (
				39764DBF27EF905A00320B82 /* AppDelegate.swift */,
				39764DC127EF905A00320B82 /* SceneDelegate.swift */,
				39764DC527EF905A00320B82 /* Main.storyboard */,
				39764DC827EF905C00320B82 /* Assets.xcassets */,
				39764DCA27EF905C00320B82 /* LaunchScreen.storyboard */,
				39764DCD27EF905C00320B82 /* Info.plist */,
				39310A3D27F6A1F2006491B2 /* LoginViewController.swift */,
				39310A3F27F6A212006491B2 /* FeedViewController.swift */,
				3905539927F7EC5F00217916 /* CameraViewController.swift */,
				3983031A27F7FF9900E09068 /* PostCell.swift */,
			);
			path = myInsta;
			sourceTree = "<group>";
		};
		39764DD527EF905C00320B82 /* myInstaTests */ = {
			isa = PBXGroup;
			children = (
				39764DD627EF905C00320B82 /* myInstaTests.swift */,
			);
			path = myInstaTests;
			sourceTree = "<group>";
		};
		39764DDF27EF905C00320B82 /* myInstaUITests */ = {
			isa = PBXGroup;
			children = (
				39764DE027EF905C00320B82 /* myInstaUITests.swift */,
				39764DE227EF905C00320B82 /* myInstaUITestsLaunchTests.swift */,
			);
			path = myInstaUITests;
			sourceTree = "<group>";
		};
		76D855A8A65EBC2E1EB8F241 /* Frameworks */ = {
			isa = PBXGroup;
			children = (
				3537064E2C0CB94751C111A1 /* Pods_myInsta.framework */,
				082E2C4D772228B9730C8400 /* Pods_myInsta_myInstaUITests.framework */,
				D2C9D94AD958111634FD4595 /* Pods_myInstaTests.framework */,
			);
			name = Frameworks;
			sourceTree = "<group>";
		};
		FB3B014762979E0D600A63FC /* Pods */ = {
			isa = PBXGroup;
			children = (
				7401206656997C4B1CAD7354 /* Pods-myInsta.debug.xcconfig */,
				936660A328A703D1726B367C /* Pods-myInsta.release.xcconfig */,
				FEC11DB86F9D530CA9FF815C /* Pods-myInsta-myInstaUITests.debug.xcconfig */,
				0B8B351BD7AECC41F5F8DFA8 /* Pods-myInsta-myInstaUITests.release.xcconfig */,
				E18FF4E8C2B0EF990929E0F8 /* Pods-myInstaTests.debug.xcconfig */,
				3F1DBAA189BE9BF99295346B /* Pods-myInstaTests.release.xcconfig */,
			);
			path = Pods;
			sourceTree = "<group>";
		};
/* End PBXGroup section */

/* Begin PBXNativeTarget section */
		39764DBB27EF905A00320B82 /* myInsta */ = {
			isa = PBXNativeTarget;
			buildConfigurationList = 39764DE627EF905C00320B82 /* Build configuration list for PBXNativeTarget "myInsta" */;
			buildPhases = (
				E4AC7BBE51A177FE096A9246 /* [CP] Check Pods Manifest.lock */,
				39764DB827EF905A00320B82 /* Sources */,
				39764DB927EF905A00320B82 /* Frameworks */,
				39764DBA27EF905A00320B82 /* Resources */,
				C3F857824ED8BB2FF8707E96 /* [CP] Embed Pods Frameworks */,
			);
			buildRules = (
			);
			dependencies = (
			);
			name = myInsta;
			productName = myInsta;
			productReference = 39764DBC27EF905A00320B82 /* myInsta.app */;
			productType = "com.apple.product-type.application";
		};
		39764DD127EF905C00320B82 /* myInstaTests */ = {
			isa = PBXNativeTarget;
			buildConfigurationList = 39764DE927EF905C00320B82 /* Build configuration list for PBXNativeTarget "myInstaTests" */;
			buildPhases = (
				11BF525500A1B5A097DE88E7 /* [CP] Check Pods Manifest.lock */,
				39764DCE27EF905C00320B82 /* Sources */,
				39764DCF27EF905C00320B82 /* Frameworks */,
				39764DD027EF905C00320B82 /* Resources */,
			);
			buildRules = (
			);
			dependencies = (
				39764DD427EF905C00320B82 /* PBXTargetDependency */,
			);
			name = myInstaTests;
			productName = myInstaTests;
			productReference = 39764DD227EF905C00320B82 /* myInstaTests.xctest */;
			productType = "com.apple.product-type.bundle.unit-test";
		};
		39764DDB27EF905C00320B82 /* myInstaUITests */ = {
			isa = PBXNativeTarget;
			buildConfigurationList = 39764DEC27EF905C00320B82 /* Build configuration list for PBXNativeTarget "myInstaUITests" */;
			buildPhases = (
				DD59A6562597750C545F09A1 /* [CP] Check Pods Manifest.lock */,
				39764DD827EF905C00320B82 /* Sources */,
				39764DD927EF905C00320B82 /* Frameworks */,
				39764DDA27EF905C00320B82 /* Resources */,
				4C5C9217EABFC4E9DF8B578C /* [CP] Embed Pods Frameworks */,
			);
			buildRules = (
			);
			dependencies = (
				39764DDE27EF905C00320B82 /* PBXTargetDependency */,
			);
			name = myInstaUITests;
			productName = myInstaUITests;
			productReference = 39764DDC27EF905C00320B82 /* myInstaUITests.xctest */;
			productType = "com.apple.product-type.bundle.ui-testing";
		};
/* End PBXNativeTarget section */

/* Begin PBXProject section */
		39764DB427EF905A00320B82 /* Project object */ = {
			isa = PBXProject;
			attributes = {
				BuildIndependentTargetsInParallel = 1;
				LastSwiftUpdateCheck = 1330;
				LastUpgradeCheck = 1330;
				TargetAttributes = {
					39764DBB27EF905A00320B82 = {
						CreatedOnToolsVersion = 13.3;
					};
					39764DD127EF905C00320B82 = {
						CreatedOnToolsVersion = 13.3;
						TestTargetID = 39764DBB27EF905A00320B82;
					};
					39764DDB27EF905C00320B82 = {
						CreatedOnToolsVersion = 13.3;
						TestTargetID = 39764DBB27EF905A00320B82;
					};
				};
			};
			buildConfigurationList = 39764DB727EF905A00320B82 /* Build configuration list for PBXProject "myInsta" */;
			compatibilityVersion = "Xcode 13.0";
			developmentRegion = en;
			hasScannedForEncodings = 0;
			knownRegions = (
				en,
				Base,
			);
			mainGroup = 39764DB327EF905A00320B82;
			productRefGroup = 39764DBD27EF905A00320B82 /* Products */;
			projectDirPath = "";
			projectRoot = "";
			targets = (
				39764DBB27EF905A00320B82 /* myInsta */,
				39764DD127EF905C00320B82 /* myInstaTests */,
				39764DDB27EF905C00320B82 /* myInstaUITests */,
			);
		};
/* End PBXProject section */

/* Begin PBXResourcesBuildPhase section */
		39764DBA27EF905A00320B82 /* Resources */ = {
			isa = PBXResourcesBuildPhase;
			buildActionMask = 2147483647;
			files = (
				39764DCC27EF905C00320B82 /* LaunchScreen.storyboard in Resources */,
				39764DC927EF905C00320B82 /* Assets.xcassets in Resources */,
				39764DC727EF905A00320B82 /* Main.storyboard in Resources */,
			);
			runOnlyForDeploymentPostprocessing = 0;
		};
		39764DD027EF905C00320B82 /* Resources */ = {
			isa = PBXResourcesBuildPhase;
			buildActionMask = 2147483647;
			files = (
			);
			runOnlyForDeploymentPostprocessing = 0;
		};
		39764DDA27EF905C00320B82 /* Resources */ = {
			isa = PBXResourcesBuildPhase;
			buildActionMask = 2147483647;
			files = (
			);
			runOnlyForDeploymentPostprocessing = 0;
		};
/* End PBXResourcesBuildPhase section */

/* Begin PBXShellScriptBuildPhase section */
		11BF525500A1B5A097DE88E7 /* [CP] Check Pods Manifest.lock */ = {
			isa = PBXShellScriptBuildPhase;
			buildActionMask = 2147483647;
			files = (
			);
			inputFileListPaths = (
			);
			inputPaths = (
				"${PODS_PODFILE_DIR_PATH}/Podfile.lock",
				"${PODS_ROOT}/Manifest.lock",
			);
			name = "[CP] Check Pods Manifest.lock";
			outputFileListPaths = (
			);
			outputPaths = (
				"$(DERIVED_FILE_DIR)/Pods-myInstaTests-checkManifestLockResult.txt",
			);
			runOnlyForDeploymentPostprocessing = 0;
			shellPath = /bin/sh;
			shellScript = "diff \"${PODS_PODFILE_DIR_PATH}/Podfile.lock\" \"${PODS_ROOT}/Manifest.lock\" > /dev/null\nif [ $? != 0 ] ; then\n    # print error to STDERR\n    echo \"error: The sandbox is not in sync with the Podfile.lock. Run 'pod install' or update your CocoaPods installation.\" >&2\n    exit 1\nfi\n# This output is used by Xcode 'outputs' to avoid re-running this script phase.\necho \"SUCCESS\" > \"${SCRIPT_OUTPUT_FILE_0}\"\n";
			showEnvVarsInLog = 0;
		};
		4C5C9217EABFC4E9DF8B578C /* [CP] Embed Pods Frameworks */ = {
			isa = PBXShellScriptBuildPhase;
			buildActionMask = 2147483647;
			files = (
			);
			inputFileListPaths = (
				"${PODS_ROOT}/Target Support Files/Pods-myInsta-myInstaUITests/Pods-myInsta-myInstaUITests-frameworks-${CONFIGURATION}-input-files.xcfilelist",
			);
			name = "[CP] Embed Pods Frameworks";
			outputFileListPaths = (
				"${PODS_ROOT}/Target Support Files/Pods-myInsta-myInstaUITests/Pods-myInsta-myInstaUITests-frameworks-${CONFIGURATION}-output-files.xcfilelist",
			);
			runOnlyForDeploymentPostprocessing = 0;
			shellPath = /bin/sh;
			shellScript = "\"${PODS_ROOT}/Target Support Files/Pods-myInsta-myInstaUITests/Pods-myInsta-myInstaUITests-frameworks.sh\"\n";
			showEnvVarsInLog = 0;
		};
		C3F857824ED8BB2FF8707E96 /* [CP] Embed Pods Frameworks */ = {
			isa = PBXShellScriptBuildPhase;
			buildActionMask = 2147483647;
			files = (
			);
			inputFileListPaths = (
				"${PODS_ROOT}/Target Support Files/Pods-myInsta/Pods-myInsta-frameworks-${CONFIGURATION}-input-files.xcfilelist",
			);
			name = "[CP] Embed Pods Frameworks";
			outputFileListPaths = (
				"${PODS_ROOT}/Target Support Files/Pods-myInsta/Pods-myInsta-frameworks-${CONFIGURATION}-output-files.xcfilelist",
			);
			runOnlyForDeploymentPostprocessing = 0;
			shellPath = /bin/sh;
			shellScript = "\"${PODS_ROOT}/Target Support Files/Pods-myInsta/Pods-myInsta-frameworks.sh\"\n";
			showEnvVarsInLog = 0;
		};
		DD59A6562597750C545F09A1 /* [CP] Check Pods Manifest.lock */ = {
			isa = PBXShellScriptBuildPhase;
			buildActionMask = 2147483647;
			files = (
			);
			inputFileListPaths = (
			);
			inputPaths = (
				"${PODS_PODFILE_DIR_PATH}/Podfile.lock",
				"${PODS_ROOT}/Manifest.lock",
			);
			name = "[CP] Check Pods Manifest.lock";
			outputFileListPaths = (
			);
			outputPaths = (
				"$(DERIVED_FILE_DIR)/Pods-myInsta-myInstaUITests-checkManifestLockResult.txt",
			);
			runOnlyForDeploymentPostprocessing = 0;
			shellPath = /bin/sh;
			shellScript = "diff \"${PODS_PODFILE_DIR_PATH}/Podfile.lock\" \"${PODS_ROOT}/Manifest.lock\" > /dev/null\nif [ $? != 0 ] ; then\n    # print error to STDERR\n    echo \"error: The sandbox is not in sync with the Podfile.lock. Run 'pod install' or update your CocoaPods installation.\" >&2\n    exit 1\nfi\n# This output is used by Xcode 'outputs' to avoid re-running this script phase.\necho \"SUCCESS\" > \"${SCRIPT_OUTPUT_FILE_0}\"\n";
			showEnvVarsInLog = 0;
		};
		E4AC7BBE51A177FE096A9246 /* [CP] Check Pods Manifest.lock */ = {
			isa = PBXShellScriptBuildPhase;
			buildActionMask = 2147483647;
			files = (
			);
			inputFileListPaths = (
			);
			inputPaths = (
				"${PODS_PODFILE_DIR_PATH}/Podfile.lock",
				"${PODS_ROOT}/Manifest.lock",
			);
			name = "[CP] Check Pods Manifest.lock";
			outputFileListPaths = (
			);
			outputPaths = (
				"$(DERIVED_FILE_DIR)/Pods-myInsta-checkManifestLockResult.txt",
			);
			runOnlyForDeploymentPostprocessing = 0;
			shellPath = /bin/sh;
			shellScript = "diff \"${PODS_PODFILE_DIR_PATH}/Podfile.lock\" \"${PODS_ROOT}/Manifest.lock\" > /dev/null\nif [ $? != 0 ] ; then\n    # print error to STDERR\n    echo \"error: The sandbox is not in sync with the Podfile.lock. Run 'pod install' or update your CocoaPods installation.\" >&2\n    exit 1\nfi\n# This output is used by Xcode 'outputs' to avoid re-running this script phase.\necho \"SUCCESS\" > \"${SCRIPT_OUTPUT_FILE_0}\"\n";
			showEnvVarsInLog = 0;
		};
/* End PBXShellScriptBuildPhase section */

/* Begin PBXSourcesBuildPhase section */
		39764DB827EF905A00320B82 /* Sources */ = {
			isa = PBXSourcesBuildPhase;
			buildActionMask = 2147483647;
			files = (
				39310A3E27F6A1F2006491B2 /* LoginViewController.swift in Sources */,
				3905539A27F7EC6000217916 /* CameraViewController.swift in Sources */,
				39764DC027EF905A00320B82 /* AppDelegate.swift in Sources */,
				39310A4027F6A212006491B2 /* FeedViewController.swift in Sources */,
				39764DC227EF905A00320B82 /* SceneDelegate.swift in Sources */,
				3983031B27F7FF9900E09068 /* PostCell.swift in Sources */,
			);
			runOnlyForDeploymentPostprocessing = 0;
		};
		39764DCE27EF905C00320B82 /* Sources */ = {
			isa = PBXSourcesBuildPhase;
			buildActionMask = 2147483647;
			files = (
				39764DD727EF905C00320B82 /* myInstaTests.swift in Sources */,
			);
			runOnlyForDeploymentPostprocessing = 0;
		};
		39764DD827EF905C00320B82 /* Sources */ = {
			isa = PBXSourcesBuildPhase;
			buildActionMask = 2147483647;
			files = (
				39764DE327EF905C00320B82 /* myInstaUITestsLaunchTests.swift in Sources */,
				39764DE127EF905C00320B82 /* myInstaUITests.swift in Sources */,
			);
			runOnlyForDeploymentPostprocessing = 0;
		};
/* End PBXSourcesBuildPhase section */

/* Begin PBXTargetDependency section */
		39764DD427EF905C00320B82 /* PBXTargetDependency */ = {
			isa = PBXTargetDependency;
			target = 39764DBB27EF905A00320B82 /* myInsta */;
			targetProxy = 39764DD327EF905C00320B82 /* PBXContainerItemProxy */;
		};
		39764DDE27EF905C00320B82 /* PBXTargetDependency */ = {
			isa = PBXTargetDependency;
			target = 39764DBB27EF905A00320B82 /* myInsta */;
			targetProxy = 39764DDD27EF905C00320B82 /* PBXContainerItemProxy */;
		};
/* End PBXTargetDependency section */

/* Begin PBXVariantGroup section */
		39764DC527EF905A00320B82 /* Main.storyboard */ = {
			isa = PBXVariantGroup;
			children = (
				39764DC627EF905A00320B82 /* Base */,
			);
			name = Main.storyboard;
			sourceTree = "<group>";
		};
		39764DCA27EF905C00320B82 /* LaunchScreen.storyboard */ = {
			isa = PBXVariantGroup;
			children = (
				39764DCB27EF905C00320B82 /* Base */,
			);
			name = LaunchScreen.storyboard;
			sourceTree = "<group>";
		};
/* End PBXVariantGroup section */

/* Begin XCBuildConfiguration section */
		39764DE427EF905C00320B82 /* Debug */ = {
			isa = XCBuildConfiguration;
			buildSettings = {
				ALWAYS_SEARCH_USER_PATHS = NO;
				CLANG_ANALYZER_NONNULL = YES;
				CLANG_ANALYZER_NUMBER_OBJECT_CONVERSION = YES_AGGRESSIVE;
				CLANG_CXX_LANGUAGE_STANDARD = "gnu++17";
				CLANG_ENABLE_MODULES = YES;
				CLANG_ENABLE_OBJC_ARC = YES;
				CLANG_ENABLE_OBJC_WEAK = YES;
				CLANG_WARN_BLOCK_CAPTURE_AUTORELEASING = YES;
				CLANG_WARN_BOOL_CONVERSION = YES;
				CLANG_WARN_COMMA = YES;
				CLANG_WARN_CONSTANT_CONVERSION = YES;
				CLANG_WARN_DEPRECATED_OBJC_IMPLEMENTATIONS = YES;
				CLANG_WARN_DIRECT_OBJC_ISA_USAGE = YES_ERROR;
				CLANG_WARN_DOCUMENTATION_COMMENTS = YES;
				CLANG_WARN_EMPTY_BODY = YES;
				CLANG_WARN_ENUM_CONVERSION = YES;
				CLANG_WARN_INFINITE_RECURSION = YES;
				CLANG_WARN_INT_CONVERSION = YES;
				CLANG_WARN_NON_LITERAL_NULL_CONVERSION = YES;
				CLANG_WARN_OBJC_IMPLICIT_RETAIN_SELF = YES;
				CLANG_WARN_OBJC_LITERAL_CONVERSION = YES;
				CLANG_WARN_OBJC_ROOT_CLASS = YES_ERROR;
				CLANG_WARN_QUOTED_INCLUDE_IN_FRAMEWORK_HEADER = YES;
				CLANG_WARN_RANGE_LOOP_ANALYSIS = YES;
				CLANG_WARN_STRICT_PROTOTYPES = YES;
				CLANG_WARN_SUSPICIOUS_MOVE = YES;
				CLANG_WARN_UNGUARDED_AVAILABILITY = YES_AGGRESSIVE;
				CLANG_WARN_UNREACHABLE_CODE = YES;
				CLANG_WARN__DUPLICATE_METHOD_MATCH = YES;
				COPY_PHASE_STRIP = NO;
				DEBUG_INFORMATION_FORMAT = dwarf;
				ENABLE_STRICT_OBJC_MSGSEND = YES;
				ENABLE_TESTABILITY = YES;
				GCC_C_LANGUAGE_STANDARD = gnu11;
				GCC_DYNAMIC_NO_PIC = NO;
				GCC_NO_COMMON_BLOCKS = YES;
				GCC_OPTIMIZATION_LEVEL = 0;
				GCC_PREPROCESSOR_DEFINITIONS = (
					"DEBUG=1",
					"$(inherited)",
				);
				GCC_WARN_64_TO_32_BIT_CONVERSION = YES;
				GCC_WARN_ABOUT_RETURN_TYPE = YES_ERROR;
				GCC_WARN_UNDECLARED_SELECTOR = YES;
				GCC_WARN_UNINITIALIZED_AUTOS = YES_AGGRESSIVE;
				GCC_WARN_UNUSED_FUNCTION = YES;
				GCC_WARN_UNUSED_VARIABLE = YES;
				IPHONEOS_DEPLOYMENT_TARGET = 15.4;
				MTL_ENABLE_DEBUG_INFO = INCLUDE_SOURCE;
				MTL_FAST_MATH = YES;
				ONLY_ACTIVE_ARCH = YES;
				SDKROOT = iphoneos;
				SWIFT_ACTIVE_COMPILATION_CONDITIONS = DEBUG;
				SWIFT_OPTIMIZATION_LEVEL = "-Onone";
			};
			name = Debug;
		};
		39764DE527EF905C00320B82 /* Release */ = {
			isa = XCBuildConfiguration;
			buildSettings = {
				ALWAYS_SEARCH_USER_PATHS = NO;
				CLANG_ANALYZER_NONNULL = YES;
				CLANG_ANALYZER_NUMBER_OBJECT_CONVERSION = YES_AGGRESSIVE;
				CLANG_CXX_LANGUAGE_STANDARD = "gnu++17";
				CLANG_ENABLE_MODULES = YES;
				CLANG_ENABLE_OBJC_ARC = YES;
				CLANG_ENABLE_OBJC_WEAK = YES;
				CLANG_WARN_BLOCK_CAPTURE_AUTORELEASING = YES;
				CLANG_WARN_BOOL_CONVERSION = YES;
				CLANG_WARN_COMMA = YES;
				CLANG_WARN_CONSTANT_CONVERSION = YES;
				CLANG_WARN_DEPRECATED_OBJC_IMPLEMENTATIONS = YES;
				CLANG_WARN_DIRECT_OBJC_ISA_USAGE = YES_ERROR;
				CLANG_WARN_DOCUMENTATION_COMMENTS = YES;
				CLANG_WARN_EMPTY_BODY = YES;
				CLANG_WARN_ENUM_CONVERSION = YES;
				CLANG_WARN_INFINITE_RECURSION = YES;
				CLANG_WARN_INT_CONVERSION = YES;
				CLANG_WARN_NON_LITERAL_NULL_CONVERSION = YES;
				CLANG_WARN_OBJC_IMPLICIT_RETAIN_SELF = YES;
				CLANG_WARN_OBJC_LITERAL_CONVERSION = YES;
				CLANG_WARN_OBJC_ROOT_CLASS = YES_ERROR;
				CLANG_WARN_QUOTED_INCLUDE_IN_FRAMEWORK_HEADER = YES;
				CLANG_WARN_RANGE_LOOP_ANALYSIS = YES;
				CLANG_WARN_STRICT_PROTOTYPES = YES;
				CLANG_WARN_SUSPICIOUS_MOVE = YES;
				CLANG_WARN_UNGUARDED_AVAILABILITY = YES_AGGRESSIVE;
				CLANG_WARN_UNREACHABLE_CODE = YES;
				CLANG_WARN__DUPLICATE_METHOD_MATCH = YES;
				COPY_PHASE_STRIP = NO;
				DEBUG_INFORMATION_FORMAT = "dwarf-with-dsym";
				ENABLE_NS_ASSERTIONS = NO;
				ENABLE_STRICT_OBJC_MSGSEND = YES;
				GCC_C_LANGUAGE_STANDARD = gnu11;
				GCC_NO_COMMON_BLOCKS = YES;
				GCC_WARN_64_TO_32_BIT_CONVERSION = YES;
				GCC_WARN_ABOUT_RETURN_TYPE = YES_ERROR;
				GCC_WARN_UNDECLARED_SELECTOR = YES;
				GCC_WARN_UNINITIALIZED_AUTOS = YES_AGGRESSIVE;
				GCC_WARN_UNUSED_FUNCTION = YES;
				GCC_WARN_UNUSED_VARIABLE = YES;
				IPHONEOS_DEPLOYMENT_TARGET = 15.4;
				MTL_ENABLE_DEBUG_INFO = NO;
				MTL_FAST_MATH = YES;
				SDKROOT = iphoneos;
				SWIFT_COMPILATION_MODE = wholemodule;
				SWIFT_OPTIMIZATION_LEVEL = "-O";
				VALIDATE_PRODUCT = YES;
			};
			name = Release;
		};
		39764DE727EF905C00320B82 /* Debug */ = {
			isa = XCBuildConfiguration;
			baseConfigurationReference = 7401206656997C4B1CAD7354 /* Pods-myInsta.debug.xcconfig */;
			buildSettings = {
				ASSETCATALOG_COMPILER_APPICON_NAME = AppIcon;
				ASSETCATALOG_COMPILER_GLOBAL_ACCENT_COLOR_NAME = AccentColor;
				CODE_SIGN_STYLE = Automatic;
				CURRENT_PROJECT_VERSION = 1;
				DEVELOPMENT_TEAM = 6KUC9383VT;
				GENERATE_INFOPLIST_FILE = YES;
				INFOPLIST_FILE = myInsta/Info.plist;
				INFOPLIST_KEY_UIApplicationSupportsIndirectInputEvents = YES;
				INFOPLIST_KEY_UILaunchStoryboardName = LaunchScreen;
				INFOPLIST_KEY_UIMainStoryboardFile = Main;
				INFOPLIST_KEY_UISupportedInterfaceOrientations_iPad = "UIInterfaceOrientationPortrait UIInterfaceOrientationPortraitUpsideDown UIInterfaceOrientationLandscapeLeft UIInterfaceOrientationLandscapeRight";
				INFOPLIST_KEY_UISupportedInterfaceOrientations_iPhone = "UIInterfaceOrientationPortrait UIInterfaceOrientationLandscapeLeft UIInterfaceOrientationLandscapeRight";
				LD_RUNPATH_SEARCH_PATHS = (
					"$(inherited)",
					"@executable_path/Frameworks",
				);
				MARKETING_VERSION = 1.0;
				PRODUCT_BUNDLE_IDENTIFIER = com.min.myInsta;
				PRODUCT_NAME = "$(TARGET_NAME)";
				SWIFT_EMIT_LOC_STRINGS = YES;
				SWIFT_VERSION = 5.0;
				TARGETED_DEVICE_FAMILY = 1;
			};
			name = Debug;
		};
		39764DE827EF905C00320B82 /* Release */ = {
			isa = XCBuildConfiguration;
			baseConfigurationReference = 936660A328A703D1726B367C /* Pods-myInsta.release.xcconfig */;
			buildSettings = {
				ASSETCATALOG_COMPILER_APPICON_NAME = AppIcon;
				ASSETCATALOG_COMPILER_GLOBAL_ACCENT_COLOR_NAME = AccentColor;
				CODE_SIGN_STYLE = Automatic;
				CURRENT_PROJECT_VERSION = 1;
				DEVELOPMENT_TEAM = 6KUC9383VT;
				GENERATE_INFOPLIST_FILE = YES;
				INFOPLIST_FILE = myInsta/Info.plist;
				INFOPLIST_KEY_UIApplicationSupportsIndirectInputEvents = YES;
				INFOPLIST_KEY_UILaunchStoryboardName = LaunchScreen;
				INFOPLIST_KEY_UIMainStoryboardFile = Main;
				INFOPLIST_KEY_UISupportedInterfaceOrientations_iPad = "UIInterfaceOrientationPortrait UIInterfaceOrientationPortraitUpsideDown UIInterfaceOrientationLandscapeLeft UIInterfaceOrientationLandscapeRight";
				INFOPLIST_KEY_UISupportedInterfaceOrientations_iPhone = "UIInterfaceOrientationPortrait UIInterfaceOrientationLandscapeLeft UIInterfaceOrientationLandscapeRight";
				LD_RUNPATH_SEARCH_PATHS = (
					"$(inherited)",
					"@executable_path/Frameworks",
				);
				MARKETING_VERSION = 1.0;
				PRODUCT_BUNDLE_IDENTIFIER = com.min.myInsta;
				PRODUCT_NAME = "$(TARGET_NAME)";
				SWIFT_EMIT_LOC_STRINGS = YES;
				SWIFT_VERSION = 5.0;
				TARGETED_DEVICE_FAMILY = 1;
			};
			name = Release;
		};
		39764DEA27EF905C00320B82 /* Debug */ = {
			isa = XCBuildConfiguration;
			baseConfigurationReference = E18FF4E8C2B0EF990929E0F8 /* Pods-myInstaTests.debug.xcconfig */;
			buildSettings = {
				ALWAYS_EMBED_SWIFT_STANDARD_LIBRARIES = YES;
				BUNDLE_LOADER = "$(TEST_HOST)";
				CODE_SIGN_STYLE = Automatic;
				CURRENT_PROJECT_VERSION = 1;
				DEVELOPMENT_TEAM = 6KUC9383VT;
				GENERATE_INFOPLIST_FILE = YES;
				IPHONEOS_DEPLOYMENT_TARGET = 15.4;
				MARKETING_VERSION = 1.0;
				PRODUCT_BUNDLE_IDENTIFIER = com.min.myInstaTests;
				PRODUCT_NAME = "$(TARGET_NAME)";
				SWIFT_EMIT_LOC_STRINGS = NO;
				SWIFT_VERSION = 5.0;
				TARGETED_DEVICE_FAMILY = "1,2";
				TEST_HOST = "$(BUILT_PRODUCTS_DIR)/myInsta.app/myInsta";
			};
			name = Debug;
		};
		39764DEB27EF905C00320B82 /* Release */ = {
			isa = XCBuildConfiguration;
			baseConfigurationReference = 3F1DBAA189BE9BF99295346B /* Pods-myInstaTests.release.xcconfig */;
			buildSettings = {
				ALWAYS_EMBED_SWIFT_STANDARD_LIBRARIES = YES;
				BUNDLE_LOADER = "$(TEST_HOST)";
				CODE_SIGN_STYLE = Automatic;
				CURRENT_PROJECT_VERSION = 1;
				DEVELOPMENT_TEAM = 6KUC9383VT;
				GENERATE_INFOPLIST_FILE = YES;
				IPHONEOS_DEPLOYMENT_TARGET = 15.4;
				MARKETING_VERSION = 1.0;
				PRODUCT_BUNDLE_IDENTIFIER = com.min.myInstaTests;
				PRODUCT_NAME = "$(TARGET_NAME)";
				SWIFT_EMIT_LOC_STRINGS = NO;
				SWIFT_VERSION = 5.0;
				TARGETED_DEVICE_FAMILY = "1,2";
				TEST_HOST = "$(BUILT_PRODUCTS_DIR)/myInsta.app/myInsta";
			};
			name = Release;
		};
		39764DED27EF905C00320B82 /* Debug */ = {
			isa = XCBuildConfiguration;
			baseConfigurationReference = FEC11DB86F9D530CA9FF815C /* Pods-myInsta-myInstaUITests.debug.xcconfig */;
			buildSettings = {
				ALWAYS_EMBED_SWIFT_STANDARD_LIBRARIES = YES;
				CODE_SIGN_STYLE = Automatic;
				CURRENT_PROJECT_VERSION = 1;
				DEVELOPMENT_TEAM = 6KUC9383VT;
				GENERATE_INFOPLIST_FILE = YES;
				MARKETING_VERSION = 1.0;
				PRODUCT_BUNDLE_IDENTIFIER = com.min.myInstaUITests;
				PRODUCT_NAME = "$(TARGET_NAME)";
				SWIFT_EMIT_LOC_STRINGS = NO;
				SWIFT_VERSION = 5.0;
				TARGETED_DEVICE_FAMILY = "1,2";
				TEST_TARGET_NAME = myInsta;
			};
			name = Debug;
		};
		39764DEE27EF905C00320B82 /* Release */ = {
			isa = XCBuildConfiguration;
			baseConfigurationReference = 0B8B351BD7AECC41F5F8DFA8 /* Pods-myInsta-myInstaUITests.release.xcconfig */;
			buildSettings = {
				ALWAYS_EMBED_SWIFT_STANDARD_LIBRARIES = YES;
				CODE_SIGN_STYLE = Automatic;
				CURRENT_PROJECT_VERSION = 1;
				DEVELOPMENT_TEAM = 6KUC9383VT;
				GENERATE_INFOPLIST_FILE = YES;
				MARKETING_VERSION = 1.0;
				PRODUCT_BUNDLE_IDENTIFIER = com.min.myInstaUITests;
				PRODUCT_NAME = "$(TARGET_NAME)";
				SWIFT_EMIT_LOC_STRINGS = NO;
				SWIFT_VERSION = 5.0;
				TARGETED_DEVICE_FAMILY = "1,2";
				TEST_TARGET_NAME = myInsta;
			};
			name = Release;
		};
/* End XCBuildConfiguration section */

/* Begin XCConfigurationList section */
		39764DB727EF905A00320B82 /* Build configuration list for PBXProject "myInsta" */ = {
			isa = XCConfigurationList;
			buildConfigurations = (
				39764DE427EF905C00320B82 /* Debug */,
				39764DE527EF905C00320B82 /* Release */,
			);
			defaultConfigurationIsVisible = 0;
			defaultConfigurationName = Release;
		};
		39764DE627EF905C00320B82 /* Build configuration list for PBXNativeTarget "myInsta" */ = {
			isa = XCConfigurationList;
			buildConfigurations = (
				39764DE727EF905C00320B82 /* Debug */,
				39764DE827EF905C00320B82 /* Release */,
			);
			defaultConfigurationIsVisible = 0;
			defaultConfigurationName = Release;
		};
		39764DE927EF905C00320B82 /* Build configuration list for PBXNativeTarget "myInstaTests" */ = {
			isa = XCConfigurationList;
			buildConfigurations = (
				39764DEA27EF905C00320B82 /* Debug */,
				39764DEB27EF905C00320B82 /* Release */,
			);
			defaultConfigurationIsVisible = 0;
			defaultConfigurationName = Release;
		};
		39764DEC27EF905C00320B82 /* Build configuration list for PBXNativeTarget "myInstaUITests" */ = {
			isa = XCConfigurationList;
			buildConfigurations = (
				39764DED27EF905C00320B82 /* Debug */,
				39764DEE27EF905C00320B82 /* Release */,
			);
			defaultConfigurationIsVisible = 0;
			defaultConfigurationName = Release;
		};
/* End XCConfigurationList section */
	};
	rootObject = 39764DB427EF905A00320B82 /* Project object */;
}
